
Microsoft Visual Studio Solution File, Format Version 12.00
# Visual Studio 15
Project("{FAE04EC0-301F-11D3-BF4B-00C04F79EFBC}") = "HeyWeather", "HeyWeather\HeyWeather.csproj", "{A159B903-8F6C-4B8B-9D0D-D95DE8678B33}"
EndProject
Project("{E53339B2-1760-4266-BCC7-CA923CBCF16C}") = "docker-compose", "docker-compose.dcproj", "{D9FAA1AC-B28A-4FDC-8F16-5CE41C493210}"
EndProject
Global
	GlobalSection(SolutionConfigurationPlatforms) = preSolution
		Debug|Any CPU = Debug|Any CPU
		Release|Any CPU = Release|Any CPU
	EndGlobalSection
	GlobalSection(ProjectConfigurationPlatforms) = postSolution
		{A159B903-8F6C-4B8B-9D0D-D95DE8678B33}.Debug|Any CPU.ActiveCfg = Debug|Any CPU
		{A159B903-8F6C-4B8B-9D0D-D95DE8678B33}.Debug|Any CPU.Build.0 = Debug|Any CPU
		{A159B903-8F6C-4B8B-9D0D-D95DE8678B33}.Release|Any CPU.ActiveCfg = Release|Any CPU
		{A159B903-8F6C-4B8B-9D0D-D95DE8678B33}.Release|Any CPU.Build.0 = Release|Any CPU
		{D9FAA1AC-B28A-4FDC-8F16-5CE41C493210}.Debug|Any CPU.ActiveCfg = Debug|Any CPU
		{D9FAA1AC-B28A-4FDC-8F16-5CE41C493210}.Debug|Any CPU.Build.0 = Debug|Any CPU
		{D9FAA1AC-B28A-4FDC-8F16-5CE41C493210}.Release|Any CPU.ActiveCfg = Release|Any CPU
		{D9FAA1AC-B28A-4FDC-8F16-5CE41C493210}.Release|Any CPU.Build.0 = Release|Any CPU
	EndGlobalSection
EndGlobal
